// !$*UTF8*$!
{
	archiveVersion = 1;
	classes = {
	};
	objectVersion = 50;
	objects = {

/* Begin PBXBuildFile section */
		1021210D01D85E1760C1AE08 /* Pods_AdRenalin.framework in Frameworks */ = {isa = PBXBuildFile; fileRef = C244A038E0852CBA720D138F /* Pods_AdRenalin.framework */; };
		5402F4BC21764A180001567D /* GoogleService-Info.plist in Resources */ = {isa = PBXBuildFile; fileRef = 5402F4BB21764A180001567D /* GoogleService-Info.plist */; };
		5402F4BF217661CF0001567D /* Constants.swift in Sources */ = {isa = PBXBuildFile; fileRef = 5402F4BE217661CF0001567D /* Constants.swift */; };
		5402F4C1217663740001567D /* AdNode.swift in Sources */ = {isa = PBXBuildFile; fileRef = 5402F4C0217663740001567D /* AdNode.swift */; };
		5402F4C4217667540001567D /* DataProvider.swift in Sources */ = {isa = PBXBuildFile; fileRef = 5402F4C3217667540001567D /* DataProvider.swift */; };
		5402F4D4217902EC0001567D /* Patient.swift in Sources */ = {isa = PBXBuildFile; fileRef = 5402F4D3217902EC0001567D /* Patient.swift */; };
		5402F4D6217905B20001567D /* Room.swift in Sources */ = {isa = PBXBuildFile; fileRef = 5402F4D5217905B20001567D /* Room.swift */; };
		5402F4D8217909550001567D /* BaseResponse.swift in Sources */ = {isa = PBXBuildFile; fileRef = 5402F4D7217909550001567D /* BaseResponse.swift */; };
		5402F4DC217911980001567D /* cama.scn in Resources */ = {isa = PBXBuildFile; fileRef = 5402F4DB217910F70001567D /* cama.scn */; };
		5402F4E1217913470001567D /* BungaloHelper.swift in Sources */ = {isa = PBXBuildFile; fileRef = 5402F4E0217913470001567D /* BungaloHelper.swift */; };
		5426212F217B35F700D5F1AC /* bungalo.scn in Resources */ = {isa = PBXBuildFile; fileRef = 5402F4DF217912EB0001567D /* bungalo.scn */; };
		54262131217B3EA800D5F1AC /* UIViewController+AddText.swift in Sources */ = {isa = PBXBuildFile; fileRef = 54262130217B3EA800D5F1AC /* UIViewController+AddText.swift */; };
		54262135217B457000D5F1AC /* DetectionViewController+FlowManager.swift in Sources */ = {isa = PBXBuildFile; fileRef = 54262134217B457000D5F1AC /* DetectionViewController+FlowManager.swift */; };
		54262137217B461300D5F1AC /* DataStore.swift in Sources */ = {isa = PBXBuildFile; fileRef = 54262136217B461300D5F1AC /* DataStore.swift */; };
		54262139217B4A8600D5F1AC /* SCNNode+Helpers.swift in Sources */ = {isa = PBXBuildFile; fileRef = 54262138217B4A8600D5F1AC /* SCNNode+Helpers.swift */; };
		5426213B217B681A00D5F1AC /* PatientHelper.swift in Sources */ = {isa = PBXBuildFile; fileRef = 5426213A217B681A00D5F1AC /* PatientHelper.swift */; };
		5426213E217F0BAD00D5F1AC /* Localizable.strings in Resources */ = {isa = PBXBuildFile; fileRef = 54262140217F0BAD00D5F1AC /* Localizable.strings */; };
		54262143217F0C7D00D5F1AC /* Strings+Localizable.swift in Sources */ = {isa = PBXBuildFile; fileRef = 54262142217F0C7D00D5F1AC /* Strings+Localizable.swift */; };
		54455D7D21733F69002C08EA /* AppDelegate.swift in Sources */ = {isa = PBXBuildFile; fileRef = 54455D7C21733F69002C08EA /* AppDelegate.swift */; };
		54455D8221733F69002C08EA /* Main.storyboard in Resources */ = {isa = PBXBuildFile; fileRef = 54455D8021733F69002C08EA /* Main.storyboard */; };
		54455D8421733F6A002C08EA /* Assets.xcassets in Resources */ = {isa = PBXBuildFile; fileRef = 54455D8321733F6A002C08EA /* Assets.xcassets */; };
		54455D8721733F6A002C08EA /* LaunchScreen.storyboard in Resources */ = {isa = PBXBuildFile; fileRef = 54455D8521733F6A002C08EA /* LaunchScreen.storyboard */; };
		54455D902173400C002C08EA /* DetectionViewController.swift in Sources */ = {isa = PBXBuildFile; fileRef = 54455D8F2173400C002C08EA /* DetectionViewController.swift */; };
		54455D9321734190002C08EA /* OverlayPlane.swift in Sources */ = {isa = PBXBuildFile; fileRef = 54455D9221734190002C08EA /* OverlayPlane.swift */; };
		54455D96217341D5002C08EA /* Enums.swift in Sources */ = {isa = PBXBuildFile; fileRef = 54455D95217341D5002C08EA /* Enums.swift */; };
		54455D982173422B002C08EA /* art.scnassets in Resources */ = {isa = PBXBuildFile; fileRef = 54455D972173422B002C08EA /* art.scnassets */; };
		54455D9D217345FC002C08EA /* dead_man.scn in Resources */ = {isa = PBXBuildFile; fileRef = 54455D9C21734496002C08EA /* dead_man.scn */; };
/* End PBXBuildFile section */

/* Begin PBXFileReference section */
		5402F4BB21764A180001567D /* GoogleService-Info.plist */ = {isa = PBXFileReference; fileEncoding = 4; lastKnownFileType = text.plist.xml; path = "GoogleService-Info.plist"; sourceTree = "<group>"; };
		5402F4BE217661CF0001567D /* Constants.swift */ = {isa = PBXFileReference; lastKnownFileType = sourcecode.swift; path = Constants.swift; sourceTree = "<group>"; };
		5402F4C0217663740001567D /* AdNode.swift */ = {isa = PBXFileReference; lastKnownFileType = sourcecode.swift; path = AdNode.swift; sourceTree = "<group>"; };
		5402F4C3217667540001567D /* DataProvider.swift */ = {isa = PBXFileReference; lastKnownFileType = sourcecode.swift; path = DataProvider.swift; sourceTree = "<group>"; };
		5402F4D3217902EC0001567D /* Patient.swift */ = {isa = PBXFileReference; lastKnownFileType = sourcecode.swift; path = Patient.swift; sourceTree = "<group>"; };
		5402F4D5217905B20001567D /* Room.swift */ = {isa = PBXFileReference; lastKnownFileType = sourcecode.swift; path = Room.swift; sourceTree = "<group>"; };
		5402F4D7217909550001567D /* BaseResponse.swift */ = {isa = PBXFileReference; lastKnownFileType = sourcecode.swift; path = BaseResponse.swift; sourceTree = "<group>"; };
		5402F4DB217910F70001567D /* cama.scn */ = {isa = PBXFileReference; lastKnownFileType = file.bplist; path = cama.scn; sourceTree = "<group>"; };
		5402F4DF217912EB0001567D /* bungalo.scn */ = {isa = PBXFileReference; lastKnownFileType = file.bplist; path = bungalo.scn; sourceTree = "<group>"; };
		5402F4E0217913470001567D /* BungaloHelper.swift */ = {isa = PBXFileReference; lastKnownFileType = sourcecode.swift; path = BungaloHelper.swift; sourceTree = "<group>"; };
		54262130217B3EA800D5F1AC /* UIViewController+AddText.swift */ = {isa = PBXFileReference; lastKnownFileType = sourcecode.swift; path = "UIViewController+AddText.swift"; sourceTree = "<group>"; };
		54262134217B457000D5F1AC /* DetectionViewController+FlowManager.swift */ = {isa = PBXFileReference; lastKnownFileType = sourcecode.swift; path = "DetectionViewController+FlowManager.swift"; sourceTree = "<group>"; };
		54262136217B461300D5F1AC /* DataStore.swift */ = {isa = PBXFileReference; lastKnownFileType = sourcecode.swift; path = DataStore.swift; sourceTree = "<group>"; };
		54262138217B4A8600D5F1AC /* SCNNode+Helpers.swift */ = {isa = PBXFileReference; lastKnownFileType = sourcecode.swift; path = "SCNNode+Helpers.swift"; sourceTree = "<group>"; };
		5426213A217B681A00D5F1AC /* PatientHelper.swift */ = {isa = PBXFileReference; lastKnownFileType = sourcecode.swift; path = PatientHelper.swift; sourceTree = "<group>"; };
		5426213F217F0BAD00D5F1AC /* en */ = {isa = PBXFileReference; lastKnownFileType = text.plist.strings; name = en; path = en.lproj/Localizable.strings; sourceTree = "<group>"; };
		54262141217F0BC000D5F1AC /* hu */ = {isa = PBXFileReference; lastKnownFileType = text.plist.strings; name = hu; path = hu.lproj/Localizable.strings; sourceTree = "<group>"; };
		54262142217F0C7D00D5F1AC /* Strings+Localizable.swift */ = {isa = PBXFileReference; lastKnownFileType = sourcecode.swift; path = "Strings+Localizable.swift"; sourceTree = "<group>"; };
		54455D7921733F69002C08EA /* AdRenalin.app */ = {isa = PBXFileReference; explicitFileType = wrapper.application; includeInIndex = 0; path = AdRenalin.app; sourceTree = BUILT_PRODUCTS_DIR; };
		54455D7C21733F69002C08EA /* AppDelegate.swift */ = {isa = PBXFileReference; lastKnownFileType = sourcecode.swift; path = AppDelegate.swift; sourceTree = "<group>"; };
		54455D8121733F69002C08EA /* Base */ = {isa = PBXFileReference; lastKnownFileType = file.storyboard; name = Base; path = Base.lproj/Main.storyboard; sourceTree = "<group>"; };
		54455D8321733F6A002C08EA /* Assets.xcassets */ = {isa = PBXFileReference; lastKnownFileType = folder.assetcatalog; path = Assets.xcassets; sourceTree = "<group>"; };
		54455D8621733F6A002C08EA /* Base */ = {isa = PBXFileReference; lastKnownFileType = file.storyboard; name = Base; path = Base.lproj/LaunchScreen.storyboard; sourceTree = "<group>"; };
		54455D8821733F6A002C08EA /* Info.plist */ = {isa = PBXFileReference; lastKnownFileType = text.plist.xml; path = Info.plist; sourceTree = "<group>"; };
		54455D8F2173400C002C08EA /* DetectionViewController.swift */ = {isa = PBXFileReference; lastKnownFileType = sourcecode.swift; path = DetectionViewController.swift; sourceTree = "<group>"; };
		54455D9221734190002C08EA /* OverlayPlane.swift */ = {isa = PBXFileReference; lastKnownFileType = sourcecode.swift; path = OverlayPlane.swift; sourceTree = "<group>"; };
		54455D95217341D5002C08EA /* Enums.swift */ = {isa = PBXFileReference; lastKnownFileType = sourcecode.swift; path = Enums.swift; sourceTree = "<group>"; };
		54455D972173422B002C08EA /* art.scnassets */ = {isa = PBXFileReference; lastKnownFileType = wrapper.scnassets; path = art.scnassets; sourceTree = "<group>"; };
		54455D9C21734496002C08EA /* dead_man.scn */ = {isa = PBXFileReference; lastKnownFileType = file.bplist; path = dead_man.scn; sourceTree = "<group>"; };
		798323AE084174E8B6769081 /* Pods-AdRenalin.release.xcconfig */ = {isa = PBXFileReference; includeInIndex = 1; lastKnownFileType = text.xcconfig; name = "Pods-AdRenalin.release.xcconfig"; path = "Pods/Target Support Files/Pods-AdRenalin/Pods-AdRenalin.release.xcconfig"; sourceTree = "<group>"; };
		C244A038E0852CBA720D138F /* Pods_AdRenalin.framework */ = {isa = PBXFileReference; explicitFileType = wrapper.framework; includeInIndex = 0; path = Pods_AdRenalin.framework; sourceTree = BUILT_PRODUCTS_DIR; };
		CAE3628F51EFB88A6B94641D /* Pods-AdRenalin.debug.xcconfig */ = {isa = PBXFileReference; includeInIndex = 1; lastKnownFileType = text.xcconfig; name = "Pods-AdRenalin.debug.xcconfig"; path = "Pods/Target Support Files/Pods-AdRenalin/Pods-AdRenalin.debug.xcconfig"; sourceTree = "<group>"; };
/* End PBXFileReference section */

/* Begin PBXFrameworksBuildPhase section */
		54455D7621733F69002C08EA /* Frameworks */ = {
			isa = PBXFrameworksBuildPhase;
			buildActionMask = 2147483647;
			files = (
				1021210D01D85E1760C1AE08 /* Pods_AdRenalin.framework in Frameworks */,
			);
			runOnlyForDeploymentPostprocessing = 0;
		};
/* End PBXFrameworksBuildPhase section */

/* Begin PBXGroup section */
		3996198A19AD81A9DD2B3264 /* Frameworks */ = {
			isa = PBXGroup;
			children = (
				C244A038E0852CBA720D138F /* Pods_AdRenalin.framework */,
			);
			name = Frameworks;
			sourceTree = "<group>";
		};
		5402F4BD217661BC0001567D /* Extensions */ = {
			isa = PBXGroup;
			children = (
				54262130217B3EA800D5F1AC /* UIViewController+AddText.swift */,
				54262138217B4A8600D5F1AC /* SCNNode+Helpers.swift */,
				54262142217F0C7D00D5F1AC /* Strings+Localizable.swift */,
			);
			path = Extensions;
			sourceTree = "<group>";
		};
		5402F4C22176673E0001567D /* DataProvider */ = {
			isa = PBXGroup;
			children = (
				5402F4C3217667540001567D /* DataProvider.swift */,
			);
			path = DataProvider;
			sourceTree = "<group>";
		};
		54455D7021733F69002C08EA = {
			isa = PBXGroup;
			children = (
				54455D7B21733F69002C08EA /* AdRenalin */,
				54455D7A21733F69002C08EA /* Products */,
				95168A12436743DA5FE2183B /* Pods */,
				3996198A19AD81A9DD2B3264 /* Frameworks */,
			);
			sourceTree = "<group>";
		};
		54455D7A21733F69002C08EA /* Products */ = {
			isa = PBXGroup;
			children = (
				54455D7921733F69002C08EA /* AdRenalin.app */,
			);
			name = Products;
			sourceTree = "<group>";
		};
		54455D7B21733F69002C08EA /* AdRenalin */ = {
			isa = PBXGroup;
			children = (
				5402F4C22176673E0001567D /* DataProvider */,
				54455D9921734462002C08EA /* Models */,
				54455D94217341C0002C08EA /* Utilities */,
				54455D9121734170002C08EA /* Components */,
				54455D8E21733F9B002C08EA /* Detection */,
				54455D7C21733F69002C08EA /* AppDelegate.swift */,
				54455D8021733F69002C08EA /* Main.storyboard */,
				54455D8321733F6A002C08EA /* Assets.xcassets */,
				54455D8521733F6A002C08EA /* LaunchScreen.storyboard */,
				54455D8821733F6A002C08EA /* Info.plist */,
				5402F4BB21764A180001567D /* GoogleService-Info.plist */,
				54455D972173422B002C08EA /* art.scnassets */,
				54262140217F0BAD00D5F1AC /* Localizable.strings */,
			);
			path = AdRenalin;
			sourceTree = "<group>";
		};
		54455D8E21733F9B002C08EA /* Detection */ = {
			isa = PBXGroup;
			children = (
				54455D8F2173400C002C08EA /* DetectionViewController.swift */,
			);
			path = Detection;
			sourceTree = "<group>";
		};
		54455D9121734170002C08EA /* Components */ = {
			isa = PBXGroup;
			children = (
				54455D9221734190002C08EA /* OverlayPlane.swift */,
			);
			path = Components;
			sourceTree = "<group>";
		};
		54455D94217341C0002C08EA /* Utilities */ = {
			isa = PBXGroup;
			children = (
				5402F4BD217661BC0001567D /* Extensions */,
				54455D95217341D5002C08EA /* Enums.swift */,
				5402F4BE217661CF0001567D /* Constants.swift */,
				5402F4E0217913470001567D /* BungaloHelper.swift */,
				54262134217B457000D5F1AC /* DetectionViewController+FlowManager.swift */,
				54262136217B461300D5F1AC /* DataStore.swift */,
				5426213A217B681A00D5F1AC /* PatientHelper.swift */,
			);
			path = Utilities;
			sourceTree = "<group>";
		};
		54455D9921734462002C08EA /* Models */ = {
			isa = PBXGroup;
			children = (
				54455D9C21734496002C08EA /* dead_man.scn */,
				5402F4DB217910F70001567D /* cama.scn */,
				5402F4DF217912EB0001567D /* bungalo.scn */,
				5402F4C0217663740001567D /* AdNode.swift */,
				5402F4D3217902EC0001567D /* Patient.swift */,
				5402F4D5217905B20001567D /* Room.swift */,
				5402F4D7217909550001567D /* BaseResponse.swift */,
			);
			path = Models;
			sourceTree = "<group>";
		};
		95168A12436743DA5FE2183B /* Pods */ = {
			isa = PBXGroup;
			children = (
				CAE3628F51EFB88A6B94641D /* Pods-AdRenalin.debug.xcconfig */,
				798323AE084174E8B6769081 /* Pods-AdRenalin.release.xcconfig */,
			);
			name = Pods;
			sourceTree = "<group>";
		};
/* End PBXGroup section */

/* Begin PBXNativeTarget section */
		54455D7821733F69002C08EA /* AdRenalin */ = {
			isa = PBXNativeTarget;
			buildConfigurationList = 54455D8B21733F6A002C08EA /* Build configuration list for PBXNativeTarget "AdRenalin" */;
			buildPhases = (
				83089E2466222D9B848F098B /* [CP] Check Pods Manifest.lock */,
				54455D7521733F69002C08EA /* Sources */,
				54455D7621733F69002C08EA /* Frameworks */,
				54455D7721733F69002C08EA /* Resources */,
				F5E34F2385A60F589FA68035 /* [CP] Embed Pods Frameworks */,
			);
			buildRules = (
			);
			dependencies = (
			);
			name = AdRenalin;
			productName = AdRenalin;
			productReference = 54455D7921733F69002C08EA /* AdRenalin.app */;
			productType = "com.apple.product-type.application";
		};
/* End PBXNativeTarget section */

/* Begin PBXProject section */
		54455D7121733F69002C08EA /* Project object */ = {
			isa = PBXProject;
			attributes = {
				LastSwiftUpdateCheck = 1000;
				LastUpgradeCheck = 1000;
				ORGANIZATIONNAME = "Zsolt Pete";
				TargetAttributes = {
					54455D7821733F69002C08EA = {
						CreatedOnToolsVersion = 10.0;
					};
				};
			};
			buildConfigurationList = 54455D7421733F69002C08EA /* Build configuration list for PBXProject "AdRenalin" */;
			compatibilityVersion = "Xcode 9.3";
			developmentRegion = en;
			hasScannedForEncodings = 0;
			knownRegions = (
				en,
				Base,
				hu,
			);
			mainGroup = 54455D7021733F69002C08EA;
			productRefGroup = 54455D7A21733F69002C08EA /* Products */;
			projectDirPath = "";
			projectRoot = "";
			targets = (
				54455D7821733F69002C08EA /* AdRenalin */,
			);
		};
/* End PBXProject section */

/* Begin PBXResourcesBuildPhase section */
		54455D7721733F69002C08EA /* Resources */ = {
			isa = PBXResourcesBuildPhase;
			buildActionMask = 2147483647;
			files = (
				54455D8721733F6A002C08EA /* LaunchScreen.storyboard in Resources */,
				5402F4DC217911980001567D /* cama.scn in Resources */,
				54455D9D217345FC002C08EA /* dead_man.scn in Resources */,
				54455D982173422B002C08EA /* art.scnassets in Resources */,
				5426213E217F0BAD00D5F1AC /* Localizable.strings in Resources */,
				54455D8421733F6A002C08EA /* Assets.xcassets in Resources */,
				5426212F217B35F700D5F1AC /* bungalo.scn in Resources */,
				54455D8221733F69002C08EA /* Main.storyboard in Resources */,
				5402F4BC21764A180001567D /* GoogleService-Info.plist in Resources */,
			);
			runOnlyForDeploymentPostprocessing = 0;
		};
/* End PBXResourcesBuildPhase section */

/* Begin PBXShellScriptBuildPhase section */
		83089E2466222D9B848F098B /* [CP] Check Pods Manifest.lock */ = {
			isa = PBXShellScriptBuildPhase;
			buildActionMask = 2147483647;
			files = (
			);
			inputFileListPaths = (
			);
			inputPaths = (
				"${PODS_PODFILE_DIR_PATH}/Podfile.lock",
				"${PODS_ROOT}/Manifest.lock",
			);
			name = "[CP] Check Pods Manifest.lock";
			outputFileListPaths = (
			);
			outputPaths = (
				"$(DERIVED_FILE_DIR)/Pods-AdRenalin-checkManifestLockResult.txt",
			);
			runOnlyForDeploymentPostprocessing = 0;
			shellPath = /bin/sh;
			shellScript = "diff \"${PODS_PODFILE_DIR_PATH}/Podfile.lock\" \"${PODS_ROOT}/Manifest.lock\" > /dev/null\nif [ $? != 0 ] ; then\n    # print error to STDERR\n    echo \"error: The sandbox is not in sync with the Podfile.lock. Run 'pod install' or update your CocoaPods installation.\" >&2\n    exit 1\nfi\n# This output is used by Xcode 'outputs' to avoid re-running this script phase.\necho \"SUCCESS\" > \"${SCRIPT_OUTPUT_FILE_0}\"\n";
			showEnvVarsInLog = 0;
		};
		F5E34F2385A60F589FA68035 /* [CP] Embed Pods Frameworks */ = {
			isa = PBXShellScriptBuildPhase;
			buildActionMask = 2147483647;
			files = (
			);
			inputFileListPaths = (
			);
			inputPaths = (
				"${SRCROOT}/Pods/Target Support Files/Pods-AdRenalin/Pods-AdRenalin-frameworks.sh",
				"${BUILT_PRODUCTS_DIR}/Alamofire/Alamofire.framework",
				"${BUILT_PRODUCTS_DIR}/AlamofireObjectMapper/AlamofireObjectMapper.framework",
				"${BUILT_PRODUCTS_DIR}/GoogleUtilities/GoogleUtilities.framework",
				"${BUILT_PRODUCTS_DIR}/MBProgressHUD/MBProgressHUD.framework",
				"${BUILT_PRODUCTS_DIR}/ObjectMapper/ObjectMapper.framework",
				"${BUILT_PRODUCTS_DIR}/RxCocoa/RxCocoa.framework",
				"${BUILT_PRODUCTS_DIR}/RxSwift/RxSwift.framework",
				"${BUILT_PRODUCTS_DIR}/SDWebImage/SDWebImage.framework",
				"${BUILT_PRODUCTS_DIR}/SwiftyJSON/SwiftyJSON.framework",
				"${BUILT_PRODUCTS_DIR}/leveldb-library/leveldb.framework",
				"${BUILT_PRODUCTS_DIR}/nanopb/nanopb.framework",
			);
			name = "[CP] Embed Pods Frameworks";
			outputFileListPaths = (
			);
			outputPaths = (
				"${TARGET_BUILD_DIR}/${FRAMEWORKS_FOLDER_PATH}/Alamofire.framework",
				"${TARGET_BUILD_DIR}/${FRAMEWORKS_FOLDER_PATH}/AlamofireObjectMapper.framework",
				"${TARGET_BUILD_DIR}/${FRAMEWORKS_FOLDER_PATH}/GoogleUtilities.framework",
				"${TARGET_BUILD_DIR}/${FRAMEWORKS_FOLDER_PATH}/MBProgressHUD.framework",
				"${TARGET_BUILD_DIR}/${FRAMEWORKS_FOLDER_PATH}/ObjectMapper.framework",
				"${TARGET_BUILD_DIR}/${FRAMEWORKS_FOLDER_PATH}/RxCocoa.framework",
				"${TARGET_BUILD_DIR}/${FRAMEWORKS_FOLDER_PATH}/RxSwift.framework",
				"${TARGET_BUILD_DIR}/${FRAMEWORKS_FOLDER_PATH}/SDWebImage.framework",
				"${TARGET_BUILD_DIR}/${FRAMEWORKS_FOLDER_PATH}/SwiftyJSON.framework",
				"${TARGET_BUILD_DIR}/${FRAMEWORKS_FOLDER_PATH}/leveldb.framework",
				"${TARGET_BUILD_DIR}/${FRAMEWORKS_FOLDER_PATH}/nanopb.framework",
			);
			runOnlyForDeploymentPostprocessing = 0;
			shellPath = /bin/sh;
			shellScript = "\"${SRCROOT}/Pods/Target Support Files/Pods-AdRenalin/Pods-AdRenalin-frameworks.sh\"\n";
			showEnvVarsInLog = 0;
		};
/* End PBXShellScriptBuildPhase section */

/* Begin PBXSourcesBuildPhase section */
		54455D7521733F69002C08EA /* Sources */ = {
			isa = PBXSourcesBuildPhase;
			buildActionMask = 2147483647;
			files = (
				54262135217B457000D5F1AC /* DetectionViewController+FlowManager.swift in Sources */,
				5402F4BF217661CF0001567D /* Constants.swift in Sources */,
				54455D902173400C002C08EA /* DetectionViewController.swift in Sources */,
				54262143217F0C7D00D5F1AC /* Strings+Localizable.swift in Sources */,
				5426213B217B681A00D5F1AC /* PatientHelper.swift in Sources */,
				5402F4C1217663740001567D /* AdNode.swift in Sources */,
				54262131217B3EA800D5F1AC /* UIViewController+AddText.swift in Sources */,
				5402F4C4217667540001567D /* DataProvider.swift in Sources */,
				54455D9321734190002C08EA /* OverlayPlane.swift in Sources */,
				54262137217B461300D5F1AC /* DataStore.swift in Sources */,
				5402F4E1217913470001567D /* BungaloHelper.swift in Sources */,
				5402F4D8217909550001567D /* BaseResponse.swift in Sources */,
				5402F4D6217905B20001567D /* Room.swift in Sources */,
				54262139217B4A8600D5F1AC /* SCNNode+Helpers.swift in Sources */,
				5402F4D4217902EC0001567D /* Patient.swift in Sources */,
				54455D96217341D5002C08EA /* Enums.swift in Sources */,
				54455D7D21733F69002C08EA /* AppDelegate.swift in Sources */,
			);
			runOnlyForDeploymentPostprocessing = 0;
		};
/* End PBXSourcesBuildPhase section */

/* Begin PBXVariantGroup section */
		54262140217F0BAD00D5F1AC /* Localizable.strings */ = {
			isa = PBXVariantGroup;
			children = (
				5426213F217F0BAD00D5F1AC /* en */,
				54262141217F0BC000D5F1AC /* hu */,
			);
			name = Localizable.strings;
			sourceTree = "<group>";
		};
		54455D8021733F69002C08EA /* Main.storyboard */ = {
			isa = PBXVariantGroup;
			children = (
				54455D8121733F69002C08EA /* Base */,
			);
			name = Main.storyboard;
			sourceTree = "<group>";
		};
		54455D8521733F6A002C08EA /* LaunchScreen.storyboard */ = {
			isa = PBXVariantGroup;
			children = (
				54455D8621733F6A002C08EA /* Base */,
			);
			name = LaunchScreen.storyboard;
			sourceTree = "<group>";
		};
/* End PBXVariantGroup section */

/* Begin XCBuildConfiguration section */
		54455D8921733F6A002C08EA /* Debug */ = {
			isa = XCBuildConfiguration;
			buildSettings = {
				ALWAYS_SEARCH_USER_PATHS = NO;
				CLANG_ANALYZER_LOCALIZABILITY_NONLOCALIZED = YES;
				CLANG_ANALYZER_NONNULL = YES;
				CLANG_ANALYZER_NUMBER_OBJECT_CONVERSION = YES_AGGRESSIVE;
				CLANG_CXX_LANGUAGE_STANDARD = "gnu++14";
				CLANG_CXX_LIBRARY = "libc++";
				CLANG_ENABLE_MODULES = YES;
				CLANG_ENABLE_OBJC_ARC = YES;
				CLANG_ENABLE_OBJC_WEAK = YES;
				CLANG_WARN_BLOCK_CAPTURE_AUTORELEASING = YES;
				CLANG_WARN_BOOL_CONVERSION = YES;
				CLANG_WARN_COMMA = YES;
				CLANG_WARN_CONSTANT_CONVERSION = YES;
				CLANG_WARN_DEPRECATED_OBJC_IMPLEMENTATIONS = YES;
				CLANG_WARN_DIRECT_OBJC_ISA_USAGE = YES_ERROR;
				CLANG_WARN_DOCUMENTATION_COMMENTS = YES;
				CLANG_WARN_EMPTY_BODY = YES;
				CLANG_WARN_ENUM_CONVERSION = YES;
				CLANG_WARN_INFINITE_RECURSION = YES;
				CLANG_WARN_INT_CONVERSION = YES;
				CLANG_WARN_NON_LITERAL_NULL_CONVERSION = YES;
				CLANG_WARN_OBJC_IMPLICIT_RETAIN_SELF = YES;
				CLANG_WARN_OBJC_LITERAL_CONVERSION = YES;
				CLANG_WARN_OBJC_ROOT_CLASS = YES_ERROR;
				CLANG_WARN_RANGE_LOOP_ANALYSIS = YES;
				CLANG_WARN_STRICT_PROTOTYPES = YES;
				CLANG_WARN_SUSPICIOUS_MOVE = YES;
				CLANG_WARN_UNGUARDED_AVAILABILITY = YES_AGGRESSIVE;
				CLANG_WARN_UNREACHABLE_CODE = YES;
				CLANG_WARN__DUPLICATE_METHOD_MATCH = YES;
				CODE_SIGN_IDENTITY = "iPhone Developer";
				COPY_PHASE_STRIP = NO;
				DEBUG_INFORMATION_FORMAT = dwarf;
				ENABLE_STRICT_OBJC_MSGSEND = YES;
				ENABLE_TESTABILITY = YES;
				GCC_C_LANGUAGE_STANDARD = gnu11;
				GCC_DYNAMIC_NO_PIC = NO;
				GCC_NO_COMMON_BLOCKS = YES;
				GCC_OPTIMIZATION_LEVEL = 0;
				GCC_PREPROCESSOR_DEFINITIONS = (
					"DEBUG=1",
					"$(inherited)",
				);
				GCC_WARN_64_TO_32_BIT_CONVERSION = YES;
				GCC_WARN_ABOUT_RETURN_TYPE = YES_ERROR;
				GCC_WARN_UNDECLARED_SELECTOR = YES;
				GCC_WARN_UNINITIALIZED_AUTOS = YES_AGGRESSIVE;
				GCC_WARN_UNUSED_FUNCTION = YES;
				GCC_WARN_UNUSED_VARIABLE = YES;
				IPHONEOS_DEPLOYMENT_TARGET = 12.0;
				MTL_ENABLE_DEBUG_INFO = INCLUDE_SOURCE;
				MTL_FAST_MATH = YES;
				ONLY_ACTIVE_ARCH = YES;
				SDKROOT = iphoneos;
				SWIFT_ACTIVE_COMPILATION_CONDITIONS = DEBUG;
				SWIFT_OPTIMIZATION_LEVEL = "-Onone";
			};
			name = Debug;
		};
		54455D8A21733F6A002C08EA /* Release */ = {
			isa = XCBuildConfiguration;
			buildSettings = {
				ALWAYS_SEARCH_USER_PATHS = NO;
				CLANG_ANALYZER_LOCALIZABILITY_NONLOCALIZED = YES;
				CLANG_ANALYZER_NONNULL = YES;
				CLANG_ANALYZER_NUMBER_OBJECT_CONVERSION = YES_AGGRESSIVE;
				CLANG_CXX_LANGUAGE_STANDARD = "gnu++14";
				CLANG_CXX_LIBRARY = "libc++";
				CLANG_ENABLE_MODULES = YES;
				CLANG_ENABLE_OBJC_ARC = YES;
				CLANG_ENABLE_OBJC_WEAK = YES;
				CLANG_WARN_BLOCK_CAPTURE_AUTORELEASING = YES;
				CLANG_WARN_BOOL_CONVERSION = YES;
				CLANG_WARN_COMMA = YES;
				CLANG_WARN_CONSTANT_CONVERSION = YES;
				CLANG_WARN_DEPRECATED_OBJC_IMPLEMENTATIONS = YES;
				CLANG_WARN_DIRECT_OBJC_ISA_USAGE = YES_ERROR;
				CLANG_WARN_DOCUMENTATION_COMMENTS = YES;
				CLANG_WARN_EMPTY_BODY = YES;
				CLANG_WARN_ENUM_CONVERSION = YES;
				CLANG_WARN_INFINITE_RECURSION = YES;
				CLANG_WARN_INT_CONVERSION = YES;
				CLANG_WARN_NON_LITERAL_NULL_CONVERSION = YES;
				CLANG_WARN_OBJC_IMPLICIT_RETAIN_SELF = YES;
				CLANG_WARN_OBJC_LITERAL_CONVERSION = YES;
				CLANG_WARN_OBJC_ROOT_CLASS = YES_ERROR;
				CLANG_WARN_RANGE_LOOP_ANALYSIS = YES;
				CLANG_WARN_STRICT_PROTOTYPES = YES;
				CLANG_WARN_SUSPICIOUS_MOVE = YES;
				CLANG_WARN_UNGUARDED_AVAILABILITY = YES_AGGRESSIVE;
				CLANG_WARN_UNREACHABLE_CODE = YES;
				CLANG_WARN__DUPLICATE_METHOD_MATCH = YES;
				CODE_SIGN_IDENTITY = "iPhone Developer";
				COPY_PHASE_STRIP = NO;
				DEBUG_INFORMATION_FORMAT = "dwarf-with-dsym";
				ENABLE_NS_ASSERTIONS = NO;
				ENABLE_STRICT_OBJC_MSGSEND = YES;
				GCC_C_LANGUAGE_STANDARD = gnu11;
				GCC_NO_COMMON_BLOCKS = YES;
				GCC_WARN_64_TO_32_BIT_CONVERSION = YES;
				GCC_WARN_ABOUT_RETURN_TYPE = YES_ERROR;
				GCC_WARN_UNDECLARED_SELECTOR = YES;
				GCC_WARN_UNINITIALIZED_AUTOS = YES_AGGRESSIVE;
				GCC_WARN_UNUSED_FUNCTION = YES;
				GCC_WARN_UNUSED_VARIABLE = YES;
				IPHONEOS_DEPLOYMENT_TARGET = 12.0;
				MTL_ENABLE_DEBUG_INFO = NO;
				MTL_FAST_MATH = YES;
				SDKROOT = iphoneos;
				SWIFT_COMPILATION_MODE = wholemodule;
				SWIFT_OPTIMIZATION_LEVEL = "-O";
				VALIDATE_PRODUCT = YES;
			};
			name = Release;
		};
		54455D8C21733F6A002C08EA /* Debug */ = {
			isa = XCBuildConfiguration;
			baseConfigurationReference = CAE3628F51EFB88A6B94641D /* Pods-AdRenalin.debug.xcconfig */;
			buildSettings = {
				ASSETCATALOG_COMPILER_APPICON_NAME = AppIcon;
				CODE_SIGN_STYLE = Automatic;
				DEVELOPMENT_TEAM = CSD326H7VF;
				INFOPLIST_FILE = AdRenalin/Info.plist;
				LD_RUNPATH_SEARCH_PATHS = (
					"$(inherited)",
					"@executable_path/Frameworks",
				);
				PRODUCT_BUNDLE_IDENTIFIER = eu.codeyard.AdRenalin;
				PRODUCT_NAME = "$(TARGET_NAME)";
				SWIFT_VERSION = 4.2;
				TARGETED_DEVICE_FAMILY = "1,2";
			};
			name = Debug;
		};
		54455D8D21733F6A002C08EA /* Release */ = {
			isa = XCBuildConfiguration;
			baseConfigurationReference = 798323AE084174E8B6769081 /* Pods-AdRenalin.release.xcconfig */;
			buildSettings = {
				ASSETCATALOG_COMPILER_APPICON_NAME = AppIcon;
				CODE_SIGN_STYLE = Automatic;
				DEVELOPMENT_TEAM = CSD326H7VF;
				INFOPLIST_FILE = AdRenalin/Info.plist;
				LD_RUNPATH_SEARCH_PATHS = (
					"$(inherited)",
					"@executable_path/Frameworks",
				);
				PRODUCT_BUNDLE_IDENTIFIER = eu.codeyard.AdRenalin;
				PRODUCT_NAME = "$(TARGET_NAME)";
				SWIFT_VERSION = 4.2;
				TARGETED_DEVICE_FAMILY = "1,2";
			};
			name = Release;
		};
/* End XCBuildConfiguration section */

/* Begin XCConfigurationList section */
		54455D7421733F69002C08EA /* Build configuration list for PBXProject "AdRenalin" */ = {
			isa = XCConfigurationList;
			buildConfigurations = (
				54455D8921733F6A002C08EA /* Debug */,
				54455D8A21733F6A002C08EA /* Release */,
			);
			defaultConfigurationIsVisible = 0;
			defaultConfigurationName = Release;
		};
		54455D8B21733F6A002C08EA /* Build configuration list for PBXNativeTarget "AdRenalin" */ = {
			isa = XCConfigurationList;
			buildConfigurations = (
				54455D8C21733F6A002C08EA /* Debug */,
				54455D8D21733F6A002C08EA /* Release */,
			);
			defaultConfigurationIsVisible = 0;
			defaultConfigurationName = Release;
		};
/* End XCConfigurationList section */
	};
	rootObject = 54455D7121733F69002C08EA /* Project object */;
}
